
Microsoft Visual Studio Solution File, Format Version 12.00
# Visual Studio Version 17
VisualStudioVersion = 17.0.31903.59
MinimumVisualStudioVersion = 10.0.40219.1
Project("{9A19103F-16F7-4668-BE54-9A1E7A4F7556}") = "Funday.Presale.API", "Funday.Presale.API\Funday.Presale.API.csproj", "{D4AC3464-5F96-41BA-9EDA-BCFB7D0A868C}"
EndProject
Global
	GlobalSection(SolutionConfigurationPlatforms) = preSolution
		Debug|Any CPU = Debug|Any CPU
		Release|Any CPU = Release|Any CPU
	EndGlobalSection
	GlobalSection(ProjectConfigurationPlatforms) = postSolution
		{D4AC3464-5F96-41BA-9EDA-BCFB7D0A868C}.Debug|Any CPU.ActiveCfg = Debug|Any CPU
		{D4AC3464-5F96-41BA-9EDA-BCFB7D0A868C}.Debug|Any CPU.Build.0 = Debug|Any CPU
		{D4AC3464-5F96-41BA-9EDA-BCFB7D0A868C}.Release|Any CPU.ActiveCfg = Release|Any CPU
		{D4AC3464-5F96-41BA-9EDA-BCFB7D0A868C}.Release|Any CPU.Build.0 = Release|Any CPU
	EndGlobalSection
	GlobalSection(SolutionProperties) = preSolution
		HideSolutionNode = FALSE
	EndGlobalSection
	GlobalSection(ExtensibilityGlobals) = postSolution
		SolutionGuid = {A61D52DF-578D-4D40-A908-109A2EC3EF61}
	EndGlobalSection
EndGlobal
